
Microsoft Visual Studio Solution File, Format Version 12.00
# Visual Studio Version 17
VisualStudioVersion = 17.0.31903.59
MinimumVisualStudioVersion = 10.0.40219.1
Project("{FAE04EC0-301F-11D3-BF4B-00C04F79EFBC}") = "src", "src\src.csproj", "{97448F10-C542-4C1B-AE3A-9929EBE328E1}"
EndProject
Project("{2150E333-8FDC-42A3-9474-1A3956D46DE8}") = "tests", "tests", "{A0573CD2-29CD-4EA7-B30B-ADE6CA444BDA}"
EndProject
Project("{FAE04EC0-301F-11D3-BF4B-00C04F79EFBC}") = "DotnetOpenapi.Tests", "tests\DotnetOpenapi.Tests\DotnetOpenapi.Tests.csproj", "{2FCE7432-021E-49D7-A926-609507686359}"
EndProject
Global
	GlobalSection(SolutionConfigurationPlatforms) = preSolution
		Debug|Any CPU = Debug|Any CPU
		Release|Any CPU = Release|Any CPU
	EndGlobalSection
	GlobalSection(SolutionProperties) = preSolution
		HideSolutionNode = FALSE
	EndGlobalSection
	GlobalSection(ProjectConfigurationPlatforms) = postSolution
		{97448F10-C542-4C1B-AE3A-9929EBE328E1}.Debug|Any CPU.ActiveCfg = Debug|Any CPU
		{97448F10-C542-4C1B-AE3A-9929EBE328E1}.Debug|Any CPU.Build.0 = Debug|Any CPU
		{97448F10-C542-4C1B-AE3A-9929EBE328E1}.Release|Any CPU.ActiveCfg = Release|Any CPU
		{97448F10-C542-4C1B-AE3A-9929EBE328E1}.Release|Any CPU.Build.0 = Release|Any CPU
		{2FCE7432-021E-49D7-A926-609507686359}.Debug|Any CPU.ActiveCfg = Debug|Any CPU
		{2FCE7432-021E-49D7-A926-609507686359}.Debug|Any CPU.Build.0 = Debug|Any CPU
		{2FCE7432-021E-49D7-A926-609507686359}.Release|Any CPU.ActiveCfg = Release|Any CPU
		{2FCE7432-021E-49D7-A926-609507686359}.Release|Any CPU.Build.0 = Release|Any CPU
	EndGlobalSection
	GlobalSection(NestedProjects) = preSolution
		{2FCE7432-021E-49D7-A926-609507686359} = {A0573CD2-29CD-4EA7-B30B-ADE6CA444BDA}
	EndGlobalSection
EndGlobal
